// !$*UTF8*$!
{
	archiveVersion = 1;
	classes = {
	};
	objectVersion = 70;
	objects = {

/* Begin PBXBuildFile section */
		891E4F922AB14C2F00C48624 /* HotelList.json in Resources */ = {isa = PBXBuildFile; fileRef = 891E4F912AB14C2F00C48624 /* HotelList.json */; };
		891E4F942AB1615D00C48624 /* ImageView+Extension.swift in Sources */ = {isa = PBXBuildFile; fileRef = 891E4F932AB1615D00C48624 /* ImageView+Extension.swift */; };
		891E4F962AB1921300C48624 /* RealmManager.swift in Sources */ = {isa = PBXBuildFile; fileRef = 891E4F952AB1921300C48624 /* RealmManager.swift */; };
		891E4F982AB1933100C48624 /* Data+Extension.swift in Sources */ = {isa = PBXBuildFile; fileRef = 891E4F972AB1933100C48624 /* Data+Extension.swift */; };
		891E4F9A2AB193F000C48624 /* String+Extension.swift in Sources */ = {isa = PBXBuildFile; fileRef = 891E4F992AB193F000C48624 /* String+Extension.swift */; };
		891E4F9C2AB1A73800C48624 /* GifImageNames.swift in Sources */ = {isa = PBXBuildFile; fileRef = 891E4F9B2AB1A73800C48624 /* GifImageNames.swift */; };
		892AAC8D28F8FD1000614DA1 /* FrontPageStoryboard.storyboard in Resources */ = {isa = PBXBuildFile; fileRef = 892AAC8C28F8FD1000614DA1 /* FrontPageStoryboard.storyboard */; };
		892AAC9028F9056700614DA1 /* AboutViewController.swift in Sources */ = {isa = PBXBuildFile; fileRef = 892AAC8F28F9056700614DA1 /* AboutViewController.swift */; };
		892AAC9228F9057700614DA1 /* AboutStoryboard.storyboard in Resources */ = {isa = PBXBuildFile; fileRef = 892AAC9128F9057700614DA1 /* AboutStoryboard.storyboard */; };
		892AAC9728F907FF00614DA1 /* CustomView.swift in Sources */ = {isa = PBXBuildFile; fileRef = 892AAC9628F907FF00614DA1 /* CustomView.swift */; };
		892AAC9F28F9092000614DA1 /* UIImage+GIF.swift in Sources */ = {isa = PBXBuildFile; fileRef = 892AAC9E28F9092000614DA1 /* UIImage+GIF.swift */; };
		892AACA328F909DF00614DA1 /* Bundle+Extension.swift in Sources */ = {isa = PBXBuildFile; fileRef = 892AACA228F909DF00614DA1 /* Bundle+Extension.swift */; };
		892AACA828F90FF900614DA1 /* UIApplication+Extension.swift in Sources */ = {isa = PBXBuildFile; fileRef = 892AACA728F90FF900614DA1 /* UIApplication+Extension.swift */; };
		892AACAB28F92F2F00614DA1 /* LoadingPageView.swift in Sources */ = {isa = PBXBuildFile; fileRef = 892AACA928F92F2F00614DA1 /* LoadingPageView.swift */; };
		892AACAC28F92F2F00614DA1 /* LoadingPageView.xib in Resources */ = {isa = PBXBuildFile; fileRef = 892AACAA28F92F2F00614DA1 /* LoadingPageView.xib */; };
		892BCC202907BC4F0095D3D5 /* HotelDescriptionTableViewCell.swift in Sources */ = {isa = PBXBuildFile; fileRef = 892BCC1E2907BC4F0095D3D5 /* HotelDescriptionTableViewCell.swift */; };
		892BCC212907BC4F0095D3D5 /* HotelDescriptionTableViewCell.xib in Resources */ = {isa = PBXBuildFile; fileRef = 892BCC1F2907BC4F0095D3D5 /* HotelDescriptionTableViewCell.xib */; };
		892BCC252907C3290095D3D5 /* StoryboardSupports.swift in Sources */ = {isa = PBXBuildFile; fileRef = 892BCC242907C3290095D3D5 /* StoryboardSupports.swift */; };
		892BD285290A2FE40095D3D5 /* HotelExtraDetailsTableViewCell.swift in Sources */ = {isa = PBXBuildFile; fileRef = 892BD283290A2FE40095D3D5 /* HotelExtraDetailsTableViewCell.swift */; };
		892BD286290A2FE40095D3D5 /* HotelExtraDetailsTableViewCell.xib in Resources */ = {isa = PBXBuildFile; fileRef = 892BD284290A2FE40095D3D5 /* HotelExtraDetailsTableViewCell.xib */; };
		892DE0382900F72A003F3974 /* OpenWKWebViewController.swift in Sources */ = {isa = PBXBuildFile; fileRef = 892DE0372900F72A003F3974 /* OpenWKWebViewController.swift */; };
		892DE03B29011873003F3974 /* HotelDetailsStoryboard.storyboard in Resources */ = {isa = PBXBuildFile; fileRef = 892DE03A29011873003F3974 /* HotelDetailsStoryboard.storyboard */; };
		892DE03D29011886003F3974 /* HotelDetailsViewController.swift in Sources */ = {isa = PBXBuildFile; fileRef = 892DE03C29011886003F3974 /* HotelDetailsViewController.swift */; };
		892DE04129011CEB003F3974 /* BaseViewController.swift in Sources */ = {isa = PBXBuildFile; fileRef = 892DE04029011CEB003F3974 /* BaseViewController.swift */; };
		892DE0442901374C003F3974 /* HotelImageCollectionViewCell.swift in Sources */ = {isa = PBXBuildFile; fileRef = 892DE0432901374C003F3974 /* HotelImageCollectionViewCell.swift */; };
		892DE04629014293003F3974 /* 嘎喔兔兔.gif in Resources */ = {isa = PBXBuildFile; fileRef = 892DE04529014293003F3974 /* 嘎喔兔兔.gif */; };
		892DE04829023A32003F3974 /* UIViewController+SendEmail.swift in Sources */ = {isa = PBXBuildFile; fileRef = 892DE04729023A32003F3974 /* UIViewController+SendEmail.swift */; };
		892DE04B29024987003F3974 /* HotelMapTableViewCell.swift in Sources */ = {isa = PBXBuildFile; fileRef = 892DE04929024987003F3974 /* HotelMapTableViewCell.swift */; };
		892DE04C29024987003F3974 /* HotelMapTableViewCell.xib in Resources */ = {isa = PBXBuildFile; fileRef = 892DE04A29024987003F3974 /* HotelMapTableViewCell.xib */; };
		892DE04F29024E2F003F3974 /* MapKit.framework in Frameworks */ = {isa = PBXBuildFile; fileRef = 892DE04E29024E2F003F3974 /* MapKit.framework */; };
		89366AC72ACA645C00769A12 /* LocationManager.swift in Sources */ = {isa = PBXBuildFile; fileRef = 89366AC62ACA645C00769A12 /* LocationManager.swift */; };
		896DF71828F7E3080031A88A /* ResponseHandler.swift in Sources */ = {isa = PBXBuildFile; fileRef = 896DF71728F7E3080031A88A /* ResponseHandler.swift */; };
		896DF71A28F7E58D0031A88A /* MainTabBarController.swift in Sources */ = {isa = PBXBuildFile; fileRef = 896DF71928F7E58D0031A88A /* MainTabBarController.swift */; };
		896DF71C28F7E5CE0031A88A /* ColorSets.swift in Sources */ = {isa = PBXBuildFile; fileRef = 896DF71B28F7E5CE0031A88A /* ColorSets.swift */; };
		896EEAFC291CC7C2005296CC /* 鼓掌兔兔.gif in Resources */ = {isa = PBXBuildFile; fileRef = 896EEAFB291CC7C2005296CC /* 鼓掌兔兔.gif */; };
		8990938D2EFA678F006002D9 /* HotelDetailsViewController.xib in Resources */ = {isa = PBXBuildFile; fileRef = 8990938C2EFA678F006002D9 /* HotelDetailsViewController.xib */; };
		8993C08B2A7393940046AD84 /* Realm in Frameworks */ = {isa = PBXBuildFile; productRef = 8993C08A2A7393940046AD84 /* Realm */; };
		8993C08D2A7393940046AD84 /* RealmSwift in Frameworks */ = {isa = PBXBuildFile; productRef = 8993C08C2A7393940046AD84 /* RealmSwift */; };
		89A0A4DA2ACBA8CC00F5F91E /* CollectionsTableViewCell.swift in Sources */ = {isa = PBXBuildFile; fileRef = 89A0A4D92ACBA8CC00F5F91E /* CollectionsTableViewCell.swift */; };
		89B413082914C1AB00FAEBF3 /* HotelDetailCollectionTableViewCell.swift in Sources */ = {isa = PBXBuildFile; fileRef = 89B413062914C1AB00FAEBF3 /* HotelDetailCollectionTableViewCell.swift */; };
		89B413092914C1AB00FAEBF3 /* HotelDetailCollectionTableViewCell.xib in Resources */ = {isa = PBXBuildFile; fileRef = 89B413072914C1AB00FAEBF3 /* HotelDetailCollectionTableViewCell.xib */; };
		89B546982925D59F0020C522 /* MapSearchViewController.swift in Sources */ = {isa = PBXBuildFile; fileRef = 89B546972925D59F0020C522 /* MapSearchViewController.swift */; };
		89BE852C2EF38EDD00E4A8E7 /* APIManager.swift in Sources */ = {isa = PBXBuildFile; fileRef = 89BE852B2EF38EDC00E4A8E7 /* APIManager.swift */; };
		89BE85322EF3903B00E4A8E7 /* FrontPageViewModel.swift in Sources */ = {isa = PBXBuildFile; fileRef = 89BE85312EF3903600E4A8E7 /* FrontPageViewModel.swift */; };
		89BE85352EF3923F00E4A8E7 /* APIInfo.swift in Sources */ = {isa = PBXBuildFile; fileRef = 89BE85342EF3923E00E4A8E7 /* APIInfo.swift */; };
		89BE85452EF3967200E4A8E7 /* HotelListResponse.swift in Sources */ = {isa = PBXBuildFile; fileRef = 89BE85442EF3967100E4A8E7 /* HotelListResponse.swift */; };
		89BE854A2EF3DF9700E4A8E7 /* HotelSearchView.swift in Sources */ = {isa = PBXBuildFile; fileRef = 89BE85492EF3DF9600E4A8E7 /* HotelSearchView.swift */; };
		89BE85502EF3E0DB00E4A8E7 /* HotelSearchView.xib in Resources */ = {isa = PBXBuildFile; fileRef = 89BE854F2EF3E0DB00E4A8E7 /* HotelSearchView.xib */; };
		89BE85572EF8EBCD00E4A8E7 /* MapSearchViewModel.swift in Sources */ = {isa = PBXBuildFile; fileRef = 89BE85562EF8EBCC00E4A8E7 /* MapSearchViewModel.swift */; };
		89BE855B2EF8F09300E4A8E7 /* MapSearchViewController.xib in Resources */ = {isa = PBXBuildFile; fileRef = 89BE855A2EF8F09300E4A8E7 /* MapSearchViewController.xib */; };
		89BE855D2EF910DB00E4A8E7 /* UINavigationController+Extension.swift in Sources */ = {isa = PBXBuildFile; fileRef = 89BE855C2EF910D200E4A8E7 /* UINavigationController+Extension.swift */; };
		89BE85602EF9141500E4A8E7 /* HotelDataManager.swift in Sources */ = {isa = PBXBuildFile; fileRef = 89BE855F2EF9141300E4A8E7 /* HotelDataManager.swift */; };
		89BE85652EFA618B00E4A8E7 /* HotelDetailsViewModel.swift in Sources */ = {isa = PBXBuildFile; fileRef = 89BE85642EFA618A00E4A8E7 /* HotelDetailsViewModel.swift */; };
		89BF61FD28F65DDB00418305 /* AppDelegate.swift in Sources */ = {isa = PBXBuildFile; fileRef = 89BF61FC28F65DDB00418305 /* AppDelegate.swift */; };
		89BF61FF28F65DDB00418305 /* SceneDelegate.swift in Sources */ = {isa = PBXBuildFile; fileRef = 89BF61FE28F65DDB00418305 /* SceneDelegate.swift */; };
		89BF620128F65DDB00418305 /* FrontPageViewController.swift in Sources */ = {isa = PBXBuildFile; fileRef = 89BF620028F65DDB00418305 /* FrontPageViewController.swift */; };
		89BF620428F65DDB00418305 /* Main.storyboard in Resources */ = {isa = PBXBuildFile; fileRef = 89BF620228F65DDB00418305 /* Main.storyboard */; };
		89BF620628F65DDC00418305 /* Assets.xcassets in Resources */ = {isa = PBXBuildFile; fileRef = 89BF620528F65DDC00418305 /* Assets.xcassets */; };
		89BF620928F65DDC00418305 /* LaunchScreen.storyboard in Resources */ = {isa = PBXBuildFile; fileRef = 89BF620728F65DDC00418305 /* LaunchScreen.storyboard */; };
		89CCE52B28FFA112009681A7 /* 滾滾兔兔.gif in Resources */ = {isa = PBXBuildFile; fileRef = 89CCE52A28FFA112009681A7 /* 滾滾兔兔.gif */; };
		89CCE52D28FFCEF3009681A7 /* 棒棒兔兔.gif in Resources */ = {isa = PBXBuildFile; fileRef = 89CCE52C28FFCEF3009681A7 /* 棒棒兔兔.gif */; };
		89D07896299C89C1004EAF2B /* UIView+Extension.swift in Sources */ = {isa = PBXBuildFile; fileRef = 89D07895299C89C1004EAF2B /* UIView+Extension.swift */; };
		89DCB172296EB408003A48B7 /* Array+Extension.swift in Sources */ = {isa = PBXBuildFile; fileRef = 89DCB171296EB408003A48B7 /* Array+Extension.swift */; };
		89DF5F0D290F736200434000 /* HotelDetailsMapViewController.swift in Sources */ = {isa = PBXBuildFile; fileRef = 89DF5F0C290F736200434000 /* HotelDetailsMapViewController.swift */; };
		89DF925929232C9D00B049BA /* FrontPageTableViewCell.swift in Sources */ = {isa = PBXBuildFile; fileRef = 89DF925729232C9C00B049BA /* FrontPageTableViewCell.swift */; };
		89DF925A29232C9D00B049BA /* FrontPageTableViewCell.xib in Resources */ = {isa = PBXBuildFile; fileRef = 89DF925829232C9C00B049BA /* FrontPageTableViewCell.xib */; };
		89DF98BB29248F5F00B049BA /* HotelDetailsTableViewCell.swift in Sources */ = {isa = PBXBuildFile; fileRef = 89DF98B929248F5F00B049BA /* HotelDetailsTableViewCell.swift */; };
		89DF98BC29248F5F00B049BA /* HotelDetailsTableViewCell.xib in Resources */ = {isa = PBXBuildFile; fileRef = 89DF98BA29248F5F00B049BA /* HotelDetailsTableViewCell.xib */; };
		89EFD1D12AB2A4C900A1D0F7 /* SkeletonView in Frameworks */ = {isa = PBXBuildFile; productRef = 89EFD1D02AB2A4C900A1D0F7 /* SkeletonView */; };
		89F71EA72D2CBDA500A28E5C /* NSObjectExtension.swift in Sources */ = {isa = PBXBuildFile; fileRef = 89F71EA62D2CBD9100A28E5C /* NSObjectExtension.swift */; };
		9F87E3FB2A754B42007E77EA /* RLM_CollectionsHotels.swift in Sources */ = {isa = PBXBuildFile; fileRef = 9F87E3F72A754B42007E77EA /* RLM_CollectionsHotels.swift */; };
		9F87E4002A754BC8007E77EA /* CollectionsViewController.swift in Sources */ = {isa = PBXBuildFile; fileRef = 9F87E3FE2A754BC8007E77EA /* CollectionsViewController.swift */; };
		9FA8F0ED2A639939009ACADD /* PersonalSettingsLanguageTableViewCell.swift in Sources */ = {isa = PBXBuildFile; fileRef = 9FA8F0E62A639939009ACADD /* PersonalSettingsLanguageTableViewCell.swift */; };
		9FA8F0F02A639939009ACADD /* PersonalSettingsIconTableViewCell.swift in Sources */ = {isa = PBXBuildFile; fileRef = 9FA8F0E92A639939009ACADD /* PersonalSettingsIconTableViewCell.swift */; };
		9FA8F0F22A639939009ACADD /* SettingsTableViewHeaderFooterView.swift in Sources */ = {isa = PBXBuildFile; fileRef = 9FA8F0EB2A639939009ACADD /* SettingsTableViewHeaderFooterView.swift */; };
		9FAE42352CC4C9F7003E7C7B /* WidgetKit.framework in Frameworks */ = {isa = PBXBuildFile; fileRef = 9FAE42342CC4C9F7003E7C7B /* WidgetKit.framework */; };
		9FAE42372CC4C9F7003E7C7B /* SwiftUI.framework in Frameworks */ = {isa = PBXBuildFile; fileRef = 9FAE42362CC4C9F7003E7C7B /* SwiftUI.framework */; };
		9FAE42482CC4C9FA003E7C7B /* QuickSearchWidgetExtension.appex in Embed Foundation Extensions */ = {isa = PBXBuildFile; fileRef = 9FAE42332CC4C9F7003E7C7B /* QuickSearchWidgetExtension.appex */; settings = {ATTRIBUTES = (RemoveHeadersOnCopy, ); }; };
		9FC059822B7DB7FB00B481B8 /* ToastLabel.swift in Sources */ = {isa = PBXBuildFile; fileRef = 9FC059812B7DB7FB00B481B8 /* ToastLabel.swift */; };
		9FD39A582C4CDDDF0069B67F /* CollectionsViewModel.swift in Sources */ = {isa = PBXBuildFile; fileRef = 9FD39A572C4CDDDF0069B67F /* CollectionsViewModel.swift */; };
		9FD39A5A2C4CE2E30069B67F /* CollectionsModel.swift in Sources */ = {isa = PBXBuildFile; fileRef = 9FD39A592C4CE2E30069B67F /* CollectionsModel.swift */; };
/* End PBXBuildFile section */

/* Begin PBXContainerItemProxy section */
		9FAE42462CC4C9FA003E7C7B /* PBXContainerItemProxy */ = {
			isa = PBXContainerItemProxy;
			containerPortal = 89BF61F128F65DDB00418305 /* Project object */;
			proxyType = 1;
			remoteGlobalIDString = 9FAE42322CC4C9F7003E7C7B;
			remoteInfo = QuickSearchWidgetExtension;
		};
/* End PBXContainerItemProxy section */

/* Begin PBXCopyFilesBuildPhase section */
		9FAE42492CC4C9FA003E7C7B /* Embed Foundation Extensions */ = {
			isa = PBXCopyFilesBuildPhase;
			buildActionMask = 2147483647;
			dstPath = "";
			dstSubfolderSpec = 13;
			files = (
				9FAE42482CC4C9FA003E7C7B /* QuickSearchWidgetExtension.appex in Embed Foundation Extensions */,
			);
			name = "Embed Foundation Extensions";
			runOnlyForDeploymentPostprocessing = 0;
		};
/* End PBXCopyFilesBuildPhase section */

/* Begin PBXFileReference section */
		891E4F912AB14C2F00C48624 /* HotelList.json */ = {isa = PBXFileReference; fileEncoding = 4; lastKnownFileType = text.json; path = HotelList.json; sourceTree = "<group>"; };
		891E4F932AB1615D00C48624 /* ImageView+Extension.swift */ = {isa = PBXFileReference; fileEncoding = 4; lastKnownFileType = sourcecode.swift; path = "ImageView+Extension.swift"; sourceTree = "<group>"; };
		891E4F952AB1921300C48624 /* RealmManager.swift */ = {isa = PBXFileReference; fileEncoding = 4; lastKnownFileType = sourcecode.swift; path = RealmManager.swift; sourceTree = "<group>"; };
		891E4F972AB1933100C48624 /* Data+Extension.swift */ = {isa = PBXFileReference; fileEncoding = 4; lastKnownFileType = sourcecode.swift; path = "Data+Extension.swift"; sourceTree = "<group>"; };
		891E4F992AB193F000C48624 /* String+Extension.swift */ = {isa = PBXFileReference; fileEncoding = 4; lastKnownFileType = sourcecode.swift; path = "String+Extension.swift"; sourceTree = "<group>"; };
		891E4F9B2AB1A73800C48624 /* GifImageNames.swift */ = {isa = PBXFileReference; lastKnownFileType = sourcecode.swift; path = GifImageNames.swift; sourceTree = "<group>"; };
		892AAC8C28F8FD1000614DA1 /* FrontPageStoryboard.storyboard */ = {isa = PBXFileReference; lastKnownFileType = file.storyboard; path = FrontPageStoryboard.storyboard; sourceTree = "<group>"; };
		892AAC8F28F9056700614DA1 /* AboutViewController.swift */ = {isa = PBXFileReference; lastKnownFileType = sourcecode.swift; path = AboutViewController.swift; sourceTree = "<group>"; };
		892AAC9128F9057700614DA1 /* AboutStoryboard.storyboard */ = {isa = PBXFileReference; lastKnownFileType = file.storyboard; path = AboutStoryboard.storyboard; sourceTree = "<group>"; };
		892AAC9628F907FF00614DA1 /* CustomView.swift */ = {isa = PBXFileReference; lastKnownFileType = sourcecode.swift; path = CustomView.swift; sourceTree = "<group>"; };
		892AAC9E28F9092000614DA1 /* UIImage+GIF.swift */ = {isa = PBXFileReference; fileEncoding = 4; lastKnownFileType = sourcecode.swift; path = "UIImage+GIF.swift"; sourceTree = "<group>"; };
		892AACA228F909DF00614DA1 /* Bundle+Extension.swift */ = {isa = PBXFileReference; lastKnownFileType = sourcecode.swift; path = "Bundle+Extension.swift"; sourceTree = "<group>"; };
		892AACA728F90FF900614DA1 /* UIApplication+Extension.swift */ = {isa = PBXFileReference; fileEncoding = 4; lastKnownFileType = sourcecode.swift; path = "UIApplication+Extension.swift"; sourceTree = "<group>"; };
		892AACA928F92F2F00614DA1 /* LoadingPageView.swift */ = {isa = PBXFileReference; fileEncoding = 4; lastKnownFileType = sourcecode.swift; path = LoadingPageView.swift; sourceTree = "<group>"; };
		892AACAA28F92F2F00614DA1 /* LoadingPageView.xib */ = {isa = PBXFileReference; fileEncoding = 4; lastKnownFileType = file.xib; path = LoadingPageView.xib; sourceTree = "<group>"; };
		892BCC1E2907BC4F0095D3D5 /* HotelDescriptionTableViewCell.swift */ = {isa = PBXFileReference; lastKnownFileType = sourcecode.swift; path = HotelDescriptionTableViewCell.swift; sourceTree = "<group>"; };
		892BCC1F2907BC4F0095D3D5 /* HotelDescriptionTableViewCell.xib */ = {isa = PBXFileReference; lastKnownFileType = file.xib; path = HotelDescriptionTableViewCell.xib; sourceTree = "<group>"; };
		892BCC242907C3290095D3D5 /* StoryboardSupports.swift */ = {isa = PBXFileReference; fileEncoding = 4; lastKnownFileType = sourcecode.swift; path = StoryboardSupports.swift; sourceTree = "<group>"; };
		892BD283290A2FE40095D3D5 /* HotelExtraDetailsTableViewCell.swift */ = {isa = PBXFileReference; lastKnownFileType = sourcecode.swift; path = HotelExtraDetailsTableViewCell.swift; sourceTree = "<group>"; };
		892BD284290A2FE40095D3D5 /* HotelExtraDetailsTableViewCell.xib */ = {isa = PBXFileReference; lastKnownFileType = file.xib; path = HotelExtraDetailsTableViewCell.xib; sourceTree = "<group>"; };
		892DE0372900F72A003F3974 /* OpenWKWebViewController.swift */ = {isa = PBXFileReference; fileEncoding = 4; lastKnownFileType = sourcecode.swift; path = OpenWKWebViewController.swift; sourceTree = "<group>"; };
		892DE03A29011873003F3974 /* HotelDetailsStoryboard.storyboard */ = {isa = PBXFileReference; lastKnownFileType = file.storyboard; path = HotelDetailsStoryboard.storyboard; sourceTree = "<group>"; };
		892DE03C29011886003F3974 /* HotelDetailsViewController.swift */ = {isa = PBXFileReference; lastKnownFileType = sourcecode.swift; path = HotelDetailsViewController.swift; sourceTree = "<group>"; };
		892DE04029011CEB003F3974 /* BaseViewController.swift */ = {isa = PBXFileReference; fileEncoding = 4; lastKnownFileType = sourcecode.swift; path = BaseViewController.swift; sourceTree = "<group>"; };
		892DE0432901374C003F3974 /* HotelImageCollectionViewCell.swift */ = {isa = PBXFileReference; lastKnownFileType = sourcecode.swift; path = HotelImageCollectionViewCell.swift; sourceTree = "<group>"; };
		892DE04529014293003F3974 /* 嘎喔兔兔.gif */ = {isa = PBXFileReference; lastKnownFileType = image.gif; path = "嘎喔兔兔.gif"; sourceTree = "<group>"; };
		892DE04729023A32003F3974 /* UIViewController+SendEmail.swift */ = {isa = PBXFileReference; fileEncoding = 4; lastKnownFileType = sourcecode.swift; path = "UIViewController+SendEmail.swift"; sourceTree = "<group>"; };
		892DE04929024987003F3974 /* HotelMapTableViewCell.swift */ = {isa = PBXFileReference; lastKnownFileType = sourcecode.swift; path = HotelMapTableViewCell.swift; sourceTree = "<group>"; };
		892DE04A29024987003F3974 /* HotelMapTableViewCell.xib */ = {isa = PBXFileReference; lastKnownFileType = file.xib; path = HotelMapTableViewCell.xib; sourceTree = "<group>"; };
		892DE04E29024E2F003F3974 /* MapKit.framework */ = {isa = PBXFileReference; lastKnownFileType = wrapper.framework; name = MapKit.framework; path = System/Library/Frameworks/MapKit.framework; sourceTree = SDKROOT; };
		89366AC62ACA645C00769A12 /* LocationManager.swift */ = {isa = PBXFileReference; lastKnownFileType = sourcecode.swift; path = LocationManager.swift; sourceTree = "<group>"; };
		896DF71728F7E3080031A88A /* ResponseHandler.swift */ = {isa = PBXFileReference; fileEncoding = 4; lastKnownFileType = sourcecode.swift; path = ResponseHandler.swift; sourceTree = "<group>"; };
		896DF71928F7E58D0031A88A /* MainTabBarController.swift */ = {isa = PBXFileReference; fileEncoding = 4; lastKnownFileType = sourcecode.swift; path = MainTabBarController.swift; sourceTree = "<group>"; };
		896DF71B28F7E5CE0031A88A /* ColorSets.swift */ = {isa = PBXFileReference; fileEncoding = 4; lastKnownFileType = sourcecode.swift; path = ColorSets.swift; sourceTree = "<group>"; };
		896EEAFB291CC7C2005296CC /* 鼓掌兔兔.gif */ = {isa = PBXFileReference; lastKnownFileType = image.gif; path = "鼓掌兔兔.gif"; sourceTree = "<group>"; };
		8990938C2EFA678F006002D9 /* HotelDetailsViewController.xib */ = {isa = PBXFileReference; lastKnownFileType = file.xib; path = HotelDetailsViewController.xib; sourceTree = "<group>"; };
		89A0A4D92ACBA8CC00F5F91E /* CollectionsTableViewCell.swift */ = {isa = PBXFileReference; lastKnownFileType = sourcecode.swift; path = CollectionsTableViewCell.swift; sourceTree = "<group>"; };
		89B413062914C1AB00FAEBF3 /* HotelDetailCollectionTableViewCell.swift */ = {isa = PBXFileReference; lastKnownFileType = sourcecode.swift; path = HotelDetailCollectionTableViewCell.swift; sourceTree = "<group>"; };
		89B413072914C1AB00FAEBF3 /* HotelDetailCollectionTableViewCell.xib */ = {isa = PBXFileReference; lastKnownFileType = file.xib; path = HotelDetailCollectionTableViewCell.xib; sourceTree = "<group>"; };
		89B546972925D59F0020C522 /* MapSearchViewController.swift */ = {isa = PBXFileReference; lastKnownFileType = sourcecode.swift; path = MapSearchViewController.swift; sourceTree = "<group>"; };
		89BE852B2EF38EDC00E4A8E7 /* APIManager.swift */ = {isa = PBXFileReference; lastKnownFileType = sourcecode.swift; path = APIManager.swift; sourceTree = "<group>"; };
		89BE85312EF3903600E4A8E7 /* FrontPageViewModel.swift */ = {isa = PBXFileReference; lastKnownFileType = sourcecode.swift; path = FrontPageViewModel.swift; sourceTree = "<group>"; };
		89BE85342EF3923E00E4A8E7 /* APIInfo.swift */ = {isa = PBXFileReference; lastKnownFileType = sourcecode.swift; path = APIInfo.swift; sourceTree = "<group>"; };
		89BE85442EF3967100E4A8E7 /* HotelListResponse.swift */ = {isa = PBXFileReference; lastKnownFileType = sourcecode.swift; path = HotelListResponse.swift; sourceTree = "<group>"; };
		89BE85492EF3DF9600E4A8E7 /* HotelSearchView.swift */ = {isa = PBXFileReference; lastKnownFileType = sourcecode.swift; path = HotelSearchView.swift; sourceTree = "<group>"; };
		89BE854F2EF3E0DB00E4A8E7 /* HotelSearchView.xib */ = {isa = PBXFileReference; lastKnownFileType = file.xib; path = HotelSearchView.xib; sourceTree = "<group>"; };
		89BE85562EF8EBCC00E4A8E7 /* MapSearchViewModel.swift */ = {isa = PBXFileReference; lastKnownFileType = sourcecode.swift; path = MapSearchViewModel.swift; sourceTree = "<group>"; };
		89BE855A2EF8F09300E4A8E7 /* MapSearchViewController.xib */ = {isa = PBXFileReference; lastKnownFileType = file.xib; path = MapSearchViewController.xib; sourceTree = "<group>"; };
		89BE855C2EF910D200E4A8E7 /* UINavigationController+Extension.swift */ = {isa = PBXFileReference; lastKnownFileType = sourcecode.swift; path = "UINavigationController+Extension.swift"; sourceTree = "<group>"; };
		89BE855F2EF9141300E4A8E7 /* HotelDataManager.swift */ = {isa = PBXFileReference; lastKnownFileType = sourcecode.swift; path = HotelDataManager.swift; sourceTree = "<group>"; };
		89BE85642EFA618A00E4A8E7 /* HotelDetailsViewModel.swift */ = {isa = PBXFileReference; lastKnownFileType = sourcecode.swift; path = HotelDetailsViewModel.swift; sourceTree = "<group>"; };
		89BF61F928F65DDB00418305 /* 寶島旅社.app */ = {isa = PBXFileReference; explicitFileType = wrapper.application; includeInIndex = 0; path = "寶島旅社.app"; sourceTree = BUILT_PRODUCTS_DIR; };
		89BF61FC28F65DDB00418305 /* AppDelegate.swift */ = {isa = PBXFileReference; lastKnownFileType = sourcecode.swift; path = AppDelegate.swift; sourceTree = "<group>"; };
		89BF61FE28F65DDB00418305 /* SceneDelegate.swift */ = {isa = PBXFileReference; lastKnownFileType = sourcecode.swift; path = SceneDelegate.swift; sourceTree = "<group>"; };
		89BF620028F65DDB00418305 /* FrontPageViewController.swift */ = {isa = PBXFileReference; lastKnownFileType = sourcecode.swift; path = FrontPageViewController.swift; sourceTree = "<group>"; };
		89BF620328F65DDB00418305 /* Base */ = {isa = PBXFileReference; lastKnownFileType = file.storyboard; name = Base; path = Base.lproj/Main.storyboard; sourceTree = "<group>"; };
		89BF620528F65DDC00418305 /* Assets.xcassets */ = {isa = PBXFileReference; lastKnownFileType = folder.assetcatalog; path = Assets.xcassets; sourceTree = "<group>"; };
		89BF620828F65DDC00418305 /* Base */ = {isa = PBXFileReference; lastKnownFileType = file.storyboard; name = Base; path = Base.lproj/LaunchScreen.storyboard; sourceTree = "<group>"; };
		89BF620A28F65DDC00418305 /* Info.plist */ = {isa = PBXFileReference; lastKnownFileType = text.plist.xml; path = Info.plist; sourceTree = "<group>"; };
		89CCE52A28FFA112009681A7 /* 滾滾兔兔.gif */ = {isa = PBXFileReference; lastKnownFileType = image.gif; path = "滾滾兔兔.gif"; sourceTree = "<group>"; };
		89CCE52C28FFCEF3009681A7 /* 棒棒兔兔.gif */ = {isa = PBXFileReference; lastKnownFileType = image.gif; path = "棒棒兔兔.gif"; sourceTree = "<group>"; };
		89D07895299C89C1004EAF2B /* UIView+Extension.swift */ = {isa = PBXFileReference; fileEncoding = 4; lastKnownFileType = sourcecode.swift; path = "UIView+Extension.swift"; sourceTree = "<group>"; };
		89DCB171296EB408003A48B7 /* Array+Extension.swift */ = {isa = PBXFileReference; lastKnownFileType = sourcecode.swift; path = "Array+Extension.swift"; sourceTree = "<group>"; };
		89DF5F0C290F736200434000 /* HotelDetailsMapViewController.swift */ = {isa = PBXFileReference; lastKnownFileType = sourcecode.swift; path = HotelDetailsMapViewController.swift; sourceTree = "<group>"; };
		89DF925729232C9C00B049BA /* FrontPageTableViewCell.swift */ = {isa = PBXFileReference; lastKnownFileType = sourcecode.swift; path = FrontPageTableViewCell.swift; sourceTree = "<group>"; };
		89DF925829232C9C00B049BA /* FrontPageTableViewCell.xib */ = {isa = PBXFileReference; lastKnownFileType = file.xib; path = FrontPageTableViewCell.xib; sourceTree = "<group>"; };
		89DF98B929248F5F00B049BA /* HotelDetailsTableViewCell.swift */ = {isa = PBXFileReference; lastKnownFileType = sourcecode.swift; path = HotelDetailsTableViewCell.swift; sourceTree = "<group>"; };
		89DF98BA29248F5F00B049BA /* HotelDetailsTableViewCell.xib */ = {isa = PBXFileReference; lastKnownFileType = file.xib; path = HotelDetailsTableViewCell.xib; sourceTree = "<group>"; };
		89F71EA62D2CBD9100A28E5C /* NSObjectExtension.swift */ = {isa = PBXFileReference; lastKnownFileType = sourcecode.swift; path = NSObjectExtension.swift; sourceTree = "<group>"; };
		9F87E3F72A754B42007E77EA /* RLM_CollectionsHotels.swift */ = {isa = PBXFileReference; fileEncoding = 4; lastKnownFileType = sourcecode.swift; path = RLM_CollectionsHotels.swift; sourceTree = "<group>"; };
		9F87E3FE2A754BC8007E77EA /* CollectionsViewController.swift */ = {isa = PBXFileReference; fileEncoding = 4; lastKnownFileType = sourcecode.swift; path = CollectionsViewController.swift; sourceTree = "<group>"; };
		9FA8F0E62A639939009ACADD /* PersonalSettingsLanguageTableViewCell.swift */ = {isa = PBXFileReference; fileEncoding = 4; lastKnownFileType = sourcecode.swift; path = PersonalSettingsLanguageTableViewCell.swift; sourceTree = "<group>"; };
		9FA8F0E92A639939009ACADD /* PersonalSettingsIconTableViewCell.swift */ = {isa = PBXFileReference; fileEncoding = 4; lastKnownFileType = sourcecode.swift; path = PersonalSettingsIconTableViewCell.swift; sourceTree = "<group>"; };
		9FA8F0EB2A639939009ACADD /* SettingsTableViewHeaderFooterView.swift */ = {isa = PBXFileReference; fileEncoding = 4; lastKnownFileType = sourcecode.swift; path = SettingsTableViewHeaderFooterView.swift; sourceTree = "<group>"; };
		9FAE42332CC4C9F7003E7C7B /* QuickSearchWidgetExtension.appex */ = {isa = PBXFileReference; explicitFileType = "wrapper.app-extension"; includeInIndex = 0; path = QuickSearchWidgetExtension.appex; sourceTree = BUILT_PRODUCTS_DIR; };
		9FAE42342CC4C9F7003E7C7B /* WidgetKit.framework */ = {isa = PBXFileReference; lastKnownFileType = wrapper.framework; name = WidgetKit.framework; path = System/Library/Frameworks/WidgetKit.framework; sourceTree = SDKROOT; };
		9FAE42362CC4C9F7003E7C7B /* SwiftUI.framework */ = {isa = PBXFileReference; lastKnownFileType = wrapper.framework; name = SwiftUI.framework; path = System/Library/Frameworks/SwiftUI.framework; sourceTree = SDKROOT; };
		9FC059812B7DB7FB00B481B8 /* ToastLabel.swift */ = {isa = PBXFileReference; fileEncoding = 4; lastKnownFileType = sourcecode.swift; path = ToastLabel.swift; sourceTree = "<group>"; };
		9FD39A572C4CDDDF0069B67F /* CollectionsViewModel.swift */ = {isa = PBXFileReference; lastKnownFileType = sourcecode.swift; path = CollectionsViewModel.swift; sourceTree = "<group>"; };
		9FD39A592C4CE2E30069B67F /* CollectionsModel.swift */ = {isa = PBXFileReference; lastKnownFileType = sourcecode.swift; path = CollectionsModel.swift; sourceTree = "<group>"; };
/* End PBXFileReference section */

/* Begin PBXFileSystemSynchronizedBuildFileExceptionSet section */
		9FAE424C2CC4C9FA003E7C7B /* PBXFileSystemSynchronizedBuildFileExceptionSet */ = {
			isa = PBXFileSystemSynchronizedBuildFileExceptionSet;
			membershipExceptions = (
				Info.plist,
			);
			target = 9FAE42322CC4C9F7003E7C7B /* QuickSearchWidgetExtension */;
		};
/* End PBXFileSystemSynchronizedBuildFileExceptionSet section */

/* Begin PBXFileSystemSynchronizedRootGroup section */
		9FAE42382CC4C9F7003E7C7B /* QuickSearchWidget */ = {isa = PBXFileSystemSynchronizedRootGroup; exceptions = (9FAE424C2CC4C9FA003E7C7B /* PBXFileSystemSynchronizedBuildFileExceptionSet */, ); explicitFileTypes = {}; explicitFolders = (); path = QuickSearchWidget; sourceTree = "<group>"; };
/* End PBXFileSystemSynchronizedRootGroup section */

/* Begin PBXFrameworksBuildPhase section */
		89BF61F628F65DDB00418305 /* Frameworks */ = {
			isa = PBXFrameworksBuildPhase;
			buildActionMask = 2147483647;
			files = (
				8993C08B2A7393940046AD84 /* Realm in Frameworks */,
				8993C08D2A7393940046AD84 /* RealmSwift in Frameworks */,
				89EFD1D12AB2A4C900A1D0F7 /* SkeletonView in Frameworks */,
				892DE04F29024E2F003F3974 /* MapKit.framework in Frameworks */,
			);
			runOnlyForDeploymentPostprocessing = 0;
		};
		9FAE42302CC4C9F7003E7C7B /* Frameworks */ = {
			isa = PBXFrameworksBuildPhase;
			buildActionMask = 2147483647;
			files = (
				9FAE42372CC4C9F7003E7C7B /* SwiftUI.framework in Frameworks */,
				9FAE42352CC4C9F7003E7C7B /* WidgetKit.framework in Frameworks */,
			);
			runOnlyForDeploymentPostprocessing = 0;
		};
/* End PBXFrameworksBuildPhase section */

/* Begin PBXGroup section */
		891E4F9F2AB1B24500C48624 /* CommonManager */ = {
			isa = PBXGroup;
			children = (
				89BE855F2EF9141300E4A8E7 /* HotelDataManager.swift */,
				89366AC62ACA645C00769A12 /* LocationManager.swift */,
				89BE85532EF8DDDD00E4A8E7 /* RealmManager */,
			);
			path = CommonManager;
			sourceTree = "<group>";
		};
		892AAC8E28F9054E00614DA1 /* Settings */ = {
			isa = PBXGroup;
			children = (
				892AAC8F28F9056700614DA1 /* AboutViewController.swift */,
				892AAC9128F9057700614DA1 /* AboutStoryboard.storyboard */,
			);
			path = Settings;
			sourceTree = "<group>";
		};
		892AAC9328F9073D00614DA1 /* Component */ = {
			isa = PBXGroup;
			children = (
				9FA8F0EB2A639939009ACADD /* SettingsTableViewHeaderFooterView.swift */,
				9FA8F0E42A639939009ACADD /* Cell */,
				892AACA128F9099200614DA1 /* LoadingPage */,
				892AAC9628F907FF00614DA1 /* CustomView.swift */,
				892DE0372900F72A003F3974 /* OpenWKWebViewController.swift */,
			);
			path = Component;
			sourceTree = "<group>";
		};
		892AACA028F9098400614DA1 /* Extension */ = {
			isa = PBXGroup;
			children = (
				89BE855E2EF9113800E4A8E7 /* UI */,
				89F71EA62D2CBD9100A28E5C /* NSObjectExtension.swift */,
				892BCC242907C3290095D3D5 /* StoryboardSupports.swift */,
				892AACA228F909DF00614DA1 /* Bundle+Extension.swift */,
				891E4F932AB1615D00C48624 /* ImageView+Extension.swift */,
				89DCB171296EB408003A48B7 /* Array+Extension.swift */,
				891E4F992AB193F000C48624 /* String+Extension.swift */,
				891E4F972AB1933100C48624 /* Data+Extension.swift */,
			);
			path = Extension;
			sourceTree = "<group>";
		};
		892AACA128F9099200614DA1 /* LoadingPage */ = {
			isa = PBXGroup;
			children = (
				892AACA928F92F2F00614DA1 /* LoadingPageView.swift */,
				892AACAA28F92F2F00614DA1 /* LoadingPageView.xib */,
			);
			path = LoadingPage;
			sourceTree = "<group>";
		};
		892AACA428F90CA200614DA1 /* GIF */ = {
			isa = PBXGroup;
			children = (
				896EEAFB291CC7C2005296CC /* 鼓掌兔兔.gif */,
				89CCE52A28FFA112009681A7 /* 滾滾兔兔.gif */,
				892DE04529014293003F3974 /* 嘎喔兔兔.gif */,
				89CCE52C28FFCEF3009681A7 /* 棒棒兔兔.gif */,
			);
			path = GIF;
			sourceTree = "<group>";
		};
		892DE039290117E5003F3974 /* HotelDetails */ = {
			isa = PBXGroup;
			children = (
				89DF5F0C290F736200434000 /* HotelDetailsMapViewController.swift */,
				892DE03A29011873003F3974 /* HotelDetailsStoryboard.storyboard */,
			);
			path = HotelDetails;
			sourceTree = "<group>";
		};
		892DE04D29024E2F003F3974 /* Frameworks */ = {
			isa = PBXGroup;
			children = (
				892DE04E29024E2F003F3974 /* MapKit.framework */,
				9FAE42342CC4C9F7003E7C7B /* WidgetKit.framework */,
				9FAE42362CC4C9F7003E7C7B /* SwiftUI.framework */,
			);
			name = Frameworks;
			sourceTree = "<group>";
		};
		893BB9422AAAAAA600A9A3B8 /* Model */ = {
			isa = PBXGroup;
			children = (
				9F87E3F72A754B42007E77EA /* RLM_CollectionsHotels.swift */,
			);
			path = Model;
			sourceTree = "<group>";
		};
		896DF71D28F7E5DD0031A88A /* Common */ = {
			isa = PBXGroup;
			children = (
				892AAC9328F9073D00614DA1 /* Component */,
				9F74CE972BB8681A00044EC0 /* CommonBase */,
				891E4F9F2AB1B24500C48624 /* CommonManager */,
				9F74CE982BB8687800044EC0 /* Utility */,
				891E4F9B2AB1A73800C48624 /* GifImageNames.swift */,
				9FC059812B7DB7FB00B481B8 /* ToastLabel.swift */,
			);
			path = Common;
			sourceTree = "<group>";
		};
		896DF71E28F7E6380031A88A /* Home */ = {
			isa = PBXGroup;
			children = (
				89BE852D2EF38F8900E4A8E7 /* 主頁 */,
				89BE85612EFA611500E4A8E7 /* 旅館明細頁 */,
				892DE039290117E5003F3974 /* HotelDetails */,
			);
			path = Home;
			sourceTree = "<group>";
		};
		8990938B2EFA6766006002D9 /* ViewController */ = {
			isa = PBXGroup;
			children = (
				892DE03C29011886003F3974 /* HotelDetailsViewController.swift */,
				8990938C2EFA678F006002D9 /* HotelDetailsViewController.xib */,
			);
			path = ViewController;
			sourceTree = "<group>";
		};
		89B5469B2925D5BC0020C522 /* MapSearch */ = {
			isa = PBXGroup;
			children = (
				89BE85552EF8EBC100E4A8E7 /* ViewModel */,
				89BE85542EF8EBB600E4A8E7 /* ViewController */,
			);
			path = MapSearch;
			sourceTree = "<group>";
		};
		89BE852D2EF38F8900E4A8E7 /* 主頁 */ = {
			isa = PBXGroup;
			children = (
				89BE85332EF3916400E4A8E7 /* Model */,
				89BE85302EF38FC600E4A8E7 /* View */,
				89BE852F2EF38FC000E4A8E7 /* ViewModel */,
				89BE852E2EF38FB100E4A8E7 /* ViewController */,
			);
			path = "主頁";
			sourceTree = "<group>";
		};
		89BE852E2EF38FB100E4A8E7 /* ViewController */ = {
			isa = PBXGroup;
			children = (
				89BF620028F65DDB00418305 /* FrontPageViewController.swift */,
				892AAC8C28F8FD1000614DA1 /* FrontPageStoryboard.storyboard */,
			);
			path = ViewController;
			sourceTree = "<group>";
		};
		89BE852F2EF38FC000E4A8E7 /* ViewModel */ = {
			isa = PBXGroup;
			children = (
				89BE85312EF3903600E4A8E7 /* FrontPageViewModel.swift */,
			);
			path = ViewModel;
			sourceTree = "<group>";
		};
		89BE85302EF38FC600E4A8E7 /* View */ = {
			isa = PBXGroup;
			children = (
				89BE85462EF3DF8300E4A8E7 /* HotelSearchView */,
				9F55A8D82BB9128D0076C4BF /* FrontPageTableViewCell */,
			);
			path = View;
			sourceTree = "<group>";
		};
		89BE85332EF3916400E4A8E7 /* Model */ = {
			isa = PBXGroup;
			children = (
				89BE85442EF3967100E4A8E7 /* HotelListResponse.swift */,
			);
			path = Model;
			sourceTree = "<group>";
		};
		89BE85462EF3DF8300E4A8E7 /* HotelSearchView */ = {
			isa = PBXGroup;
			children = (
				89BE85492EF3DF9600E4A8E7 /* HotelSearchView.swift */,
				89BE854F2EF3E0DB00E4A8E7 /* HotelSearchView.xib */,
			);
			path = HotelSearchView;
			sourceTree = "<group>";
		};
		89BE85532EF8DDDD00E4A8E7 /* RealmManager */ = {
			isa = PBXGroup;
			children = (
				893BB9422AAAAAA600A9A3B8 /* Model */,
				891E4F952AB1921300C48624 /* RealmManager.swift */,
			);
			path = RealmManager;
			sourceTree = "<group>";
		};
		89BE85542EF8EBB600E4A8E7 /* ViewController */ = {
			isa = PBXGroup;
			children = (
				89B546972925D59F0020C522 /* MapSearchViewController.swift */,
				89BE855A2EF8F09300E4A8E7 /* MapSearchViewController.xib */,
			);
			path = ViewController;
			sourceTree = "<group>";
		};
		89BE85552EF8EBC100E4A8E7 /* ViewModel */ = {
			isa = PBXGroup;
			children = (
				89BE85562EF8EBCC00E4A8E7 /* MapSearchViewModel.swift */,
			);
			path = ViewModel;
			sourceTree = "<group>";
		};
		89BE855E2EF9113800E4A8E7 /* UI */ = {
			isa = PBXGroup;
			children = (
				892AAC9E28F9092000614DA1 /* UIImage+GIF.swift */,
				892DE04729023A32003F3974 /* UIViewController+SendEmail.swift */,
				89D07895299C89C1004EAF2B /* UIView+Extension.swift */,
				892AACA728F90FF900614DA1 /* UIApplication+Extension.swift */,
				89BE855C2EF910D200E4A8E7 /* UINavigationController+Extension.swift */,
			);
			path = UI;
			sourceTree = "<group>";
		};
		89BE85612EFA611500E4A8E7 /* 旅館明細頁 */ = {
			isa = PBXGroup;
			children = (
				89BE85632EFA612E00E4A8E7 /* View */,
				89BE85622EFA612600E4A8E7 /* ViewModel */,
				8990938B2EFA6766006002D9 /* ViewController */,
			);
			path = "旅館明細頁";
			sourceTree = "<group>";
		};
		89BE85622EFA612600E4A8E7 /* ViewModel */ = {
			isa = PBXGroup;
			children = (
				89BE85642EFA618A00E4A8E7 /* HotelDetailsViewModel.swift */,
			);
			path = ViewModel;
			sourceTree = "<group>";
		};
		89BE85632EFA612E00E4A8E7 /* View */ = {
			isa = PBXGroup;
			children = (
				892DE0432901374C003F3974 /* HotelImageCollectionViewCell.swift */,
				9F55A8D92BB912990076C4BF /* HotelDetailCollectionTableViewCell */,
				9F55A8DA2BB912A30076C4BF /* HotelDetailsTableViewCell */,
				9F55A8DB2BB912B10076C4BF /* HotelDescriptionTableViewCell */,
				9F55A8DC2BB912BB0076C4BF /* HotelExtraDetailsTableViewCell */,
				9F55A8DD2BB912C40076C4BF /* HotelMapTableViewCell */,
			);
			path = View;
			sourceTree = "<group>";
		};
		89BF61F028F65DDB00418305 = {
			isa = PBXGroup;
			children = (
				89BF61FB28F65DDB00418305 /* 寶島旅社 */,
				9FAE42382CC4C9F7003E7C7B /* QuickSearchWidget */,
				89BF61FA28F65DDB00418305 /* Products */,
				892DE04D29024E2F003F3974 /* Frameworks */,
			);
			sourceTree = "<group>";
		};
		89BF61FA28F65DDB00418305 /* Products */ = {
			isa = PBXGroup;
			children = (
				89BF61F928F65DDB00418305 /* 寶島旅社.app */,
				9FAE42332CC4C9F7003E7C7B /* QuickSearchWidgetExtension.appex */,
			);
			name = Products;
			sourceTree = "<group>";
		};
		89BF61FB28F65DDB00418305 /* 寶島旅社 */ = {
			isa = PBXGroup;
			children = (
				89BF61FC28F65DDB00418305 /* AppDelegate.swift */,
				89BF61FE28F65DDB00418305 /* SceneDelegate.swift */,
				896DF71928F7E58D0031A88A /* MainTabBarController.swift */,
				9F87E3F32A754B42007E77EA /* API */,
				896DF71E28F7E6380031A88A /* Home */,
				89B5469B2925D5BC0020C522 /* MapSearch */,
				9F87E3FD2A754BC8007E77EA /* Favorite */,
				892AAC8E28F9054E00614DA1 /* Settings */,
				896DF71D28F7E5DD0031A88A /* Common */,
				9F74CE992BB868A400044EC0 /* Resources */,
			);
			path = "寶島旅社";
			sourceTree = "<group>";
		};
		9F55A8D82BB9128D0076C4BF /* FrontPageTableViewCell */ = {
			isa = PBXGroup;
			children = (
				89DF925729232C9C00B049BA /* FrontPageTableViewCell.swift */,
				89DF925829232C9C00B049BA /* FrontPageTableViewCell.xib */,
			);
			path = FrontPageTableViewCell;
			sourceTree = "<group>";
		};
		9F55A8D92BB912990076C4BF /* HotelDetailCollectionTableViewCell */ = {
			isa = PBXGroup;
			children = (
				89B413062914C1AB00FAEBF3 /* HotelDetailCollectionTableViewCell.swift */,
				89B413072914C1AB00FAEBF3 /* HotelDetailCollectionTableViewCell.xib */,
			);
			path = HotelDetailCollectionTableViewCell;
			sourceTree = "<group>";
		};
		9F55A8DA2BB912A30076C4BF /* HotelDetailsTableViewCell */ = {
			isa = PBXGroup;
			children = (
				89DF98B929248F5F00B049BA /* HotelDetailsTableViewCell.swift */,
				89DF98BA29248F5F00B049BA /* HotelDetailsTableViewCell.xib */,
			);
			path = HotelDetailsTableViewCell;
			sourceTree = "<group>";
		};
		9F55A8DB2BB912B10076C4BF /* HotelDescriptionTableViewCell */ = {
			isa = PBXGroup;
			children = (
				892BCC1E2907BC4F0095D3D5 /* HotelDescriptionTableViewCell.swift */,
				892BCC1F2907BC4F0095D3D5 /* HotelDescriptionTableViewCell.xib */,
			);
			path = HotelDescriptionTableViewCell;
			sourceTree = "<group>";
		};
		9F55A8DC2BB912BB0076C4BF /* HotelExtraDetailsTableViewCell */ = {
			isa = PBXGroup;
			children = (
				892BD283290A2FE40095D3D5 /* HotelExtraDetailsTableViewCell.swift */,
				892BD284290A2FE40095D3D5 /* HotelExtraDetailsTableViewCell.xib */,
			);
			path = HotelExtraDetailsTableViewCell;
			sourceTree = "<group>";
		};
		9F55A8DD2BB912C40076C4BF /* HotelMapTableViewCell */ = {
			isa = PBXGroup;
			children = (
				892DE04929024987003F3974 /* HotelMapTableViewCell.swift */,
				892DE04A29024987003F3974 /* HotelMapTableViewCell.xib */,
			);
			path = HotelMapTableViewCell;
			sourceTree = "<group>";
		};
		9F74CE972BB8681A00044EC0 /* CommonBase */ = {
			isa = PBXGroup;
			children = (
				892DE04029011CEB003F3974 /* BaseViewController.swift */,
			);
			path = CommonBase;
			sourceTree = "<group>";
		};
		9F74CE982BB8687800044EC0 /* Utility */ = {
			isa = PBXGroup;
			children = (
				892AACA028F9098400614DA1 /* Extension */,
			);
			path = Utility;
			sourceTree = "<group>";
		};
		9F74CE992BB868A400044EC0 /* Resources */ = {
			isa = PBXGroup;
			children = (
				892AACA428F90CA200614DA1 /* GIF */,
				9F87E3F42A754B42007E77EA /* Hotel-json */,
				896DF71B28F7E5CE0031A88A /* ColorSets.swift */,
				89BF620228F65DDB00418305 /* Main.storyboard */,
				89BF620728F65DDC00418305 /* LaunchScreen.storyboard */,
				89BF620528F65DDC00418305 /* Assets.xcassets */,
				89BF620A28F65DDC00418305 /* Info.plist */,
			);
			path = Resources;
			sourceTree = "<group>";
		};
		9F87E3F32A754B42007E77EA /* API */ = {
			isa = PBXGroup;
			children = (
				89BE852B2EF38EDC00E4A8E7 /* APIManager.swift */,
				89BE85342EF3923E00E4A8E7 /* APIInfo.swift */,
				896DF71728F7E3080031A88A /* ResponseHandler.swift */,
			);
			path = API;
			sourceTree = "<group>";
		};
		9F87E3F42A754B42007E77EA /* Hotel-json */ = {
			isa = PBXGroup;
			children = (
				891E4F912AB14C2F00C48624 /* HotelList.json */,
			);
			path = "Hotel-json";
			sourceTree = "<group>";
		};
		9F87E3FD2A754BC8007E77EA /* Favorite */ = {
			isa = PBXGroup;
			children = (
				9FD39A592C4CE2E30069B67F /* CollectionsModel.swift */,
				9FD39A572C4CDDDF0069B67F /* CollectionsViewModel.swift */,
				9F87E3FE2A754BC8007E77EA /* CollectionsViewController.swift */,
			);
			name = Favorite;
			path = "寶島旅社/Favorite";
			sourceTree = SOURCE_ROOT;
		};
		9FA8F0E42A639939009ACADD /* Cell */ = {
			isa = PBXGroup;
			children = (
				89A0A4D92ACBA8CC00F5F91E /* CollectionsTableViewCell.swift */,
				9FEE946B2C648AB100F4D4D6 /* PersonalSettingsIconTableViewCell */,
			);
			path = Cell;
			sourceTree = "<group>";
		};
		9FEE946B2C648AB100F4D4D6 /* PersonalSettingsIconTableViewCell */ = {
			isa = PBXGroup;
			children = (
				9FA8F0E92A639939009ACADD /* PersonalSettingsIconTableViewCell.swift */,
				9FA8F0E62A639939009ACADD /* PersonalSettingsLanguageTableViewCell.swift */,
			);
			path = PersonalSettingsIconTableViewCell;
			sourceTree = "<group>";
		};
/* End PBXGroup section */

/* Begin PBXNativeTarget section */
		89BF61F828F65DDB00418305 /* 寶島旅社 */ = {
			isa = PBXNativeTarget;
			buildConfigurationList = 89BF620D28F65DDC00418305 /* Build configuration list for PBXNativeTarget "寶島旅社" */;
			buildPhases = (
				89BF61F528F65DDB00418305 /* Sources */,
				89BF61F628F65DDB00418305 /* Frameworks */,
				89BF61F728F65DDB00418305 /* Resources */,
				9FAE42492CC4C9FA003E7C7B /* Embed Foundation Extensions */,
			);
			buildRules = (
			);
			dependencies = (
				9FAE42472CC4C9FA003E7C7B /* PBXTargetDependency */,
			);
			name = "寶島旅社";
			packageProductDependencies = (
				8993C08A2A7393940046AD84 /* Realm */,
				8993C08C2A7393940046AD84 /* RealmSwift */,
				89EFD1D02AB2A4C900A1D0F7 /* SkeletonView */,
			);
			productName = "寶島旅社";
			productReference = 89BF61F928F65DDB00418305 /* 寶島旅社.app */;
			productType = "com.apple.product-type.application";
		};
		9FAE42322CC4C9F7003E7C7B /* QuickSearchWidgetExtension */ = {
			isa = PBXNativeTarget;
			buildConfigurationList = 9FAE424D2CC4C9FA003E7C7B /* Build configuration list for PBXNativeTarget "QuickSearchWidgetExtension" */;
			buildPhases = (
				9FAE422F2CC4C9F7003E7C7B /* Sources */,
				9FAE42302CC4C9F7003E7C7B /* Frameworks */,
				9FAE42312CC4C9F7003E7C7B /* Resources */,
			);
			buildRules = (
			);
			dependencies = (
			);
			fileSystemSynchronizedGroups = (
				9FAE42382CC4C9F7003E7C7B /* QuickSearchWidget */,
			);
			name = QuickSearchWidgetExtension;
			packageProductDependencies = (
			);
			productName = QuickSearchWidgetExtension;
			productReference = 9FAE42332CC4C9F7003E7C7B /* QuickSearchWidgetExtension.appex */;
			productType = "com.apple.product-type.app-extension";
		};
/* End PBXNativeTarget section */

/* Begin PBXProject section */
		89BF61F128F65DDB00418305 /* Project object */ = {
			isa = PBXProject;
			attributes = {
				BuildIndependentTargetsInParallel = 1;
				LastSwiftUpdateCheck = 1600;
				LastUpgradeCheck = 1530;
				ORGANIZATIONNAME = "Eric Lin";
				TargetAttributes = {
					89BF61F828F65DDB00418305 = {
						CreatedOnToolsVersion = 13.4.1;
					};
					9FAE42322CC4C9F7003E7C7B = {
						CreatedOnToolsVersion = 16.0;
					};
				};
			};
			buildConfigurationList = 89BF61F428F65DDB00418305 /* Build configuration list for PBXProject "寶島旅社" */;
			compatibilityVersion = "Xcode 13.0";
			developmentRegion = en;
			hasScannedForEncodings = 0;
			knownRegions = (
				en,
				Base,
			);
			mainGroup = 89BF61F028F65DDB00418305;
			packageReferences = (
				8993C0892A7393940046AD84 /* XCRemoteSwiftPackageReference "realm-swift" */,
				89EFD1CF2AB2A4C900A1D0F7 /* XCRemoteSwiftPackageReference "SkeletonView" */,
			);
			productRefGroup = 89BF61FA28F65DDB00418305 /* Products */;
			projectDirPath = "";
			projectRoot = "";
			targets = (
				89BF61F828F65DDB00418305 /* 寶島旅社 */,
				9FAE42322CC4C9F7003E7C7B /* QuickSearchWidgetExtension */,
			);
		};
/* End PBXProject section */

/* Begin PBXResourcesBuildPhase section */
		89BF61F728F65DDB00418305 /* Resources */ = {
			isa = PBXResourcesBuildPhase;
			buildActionMask = 2147483647;
			files = (
				892DE04C29024987003F3974 /* HotelMapTableViewCell.xib in Resources */,
				892DE03B29011873003F3974 /* HotelDetailsStoryboard.storyboard in Resources */,
				89DF98BC29248F5F00B049BA /* HotelDetailsTableViewCell.xib in Resources */,
				89CCE52D28FFCEF3009681A7 /* 棒棒兔兔.gif in Resources */,
				896EEAFC291CC7C2005296CC /* 鼓掌兔兔.gif in Resources */,
				892DE04629014293003F3974 /* 嘎喔兔兔.gif in Resources */,
				89B413092914C1AB00FAEBF3 /* HotelDetailCollectionTableViewCell.xib in Resources */,
				892BD286290A2FE40095D3D5 /* HotelExtraDetailsTableViewCell.xib in Resources */,
				89DF925A29232C9D00B049BA /* FrontPageTableViewCell.xib in Resources */,
				892AAC8D28F8FD1000614DA1 /* FrontPageStoryboard.storyboard in Resources */,
				89BF620928F65DDC00418305 /* LaunchScreen.storyboard in Resources */,
				892AAC9228F9057700614DA1 /* AboutStoryboard.storyboard in Resources */,
				8990938D2EFA678F006002D9 /* HotelDetailsViewController.xib in Resources */,
				892AACAC28F92F2F00614DA1 /* LoadingPageView.xib in Resources */,
				891E4F922AB14C2F00C48624 /* HotelList.json in Resources */,
				89BF620628F65DDC00418305 /* Assets.xcassets in Resources */,
				89BE855B2EF8F09300E4A8E7 /* MapSearchViewController.xib in Resources */,
				892BCC212907BC4F0095D3D5 /* HotelDescriptionTableViewCell.xib in Resources */,
				89CCE52B28FFA112009681A7 /* 滾滾兔兔.gif in Resources */,
				89BF620428F65DDB00418305 /* Main.storyboard in Resources */,
				89BE85502EF3E0DB00E4A8E7 /* HotelSearchView.xib in Resources */,
			);
			runOnlyForDeploymentPostprocessing = 0;
		};
		9FAE42312CC4C9F7003E7C7B /* Resources */ = {
			isa = PBXResourcesBuildPhase;
			buildActionMask = 2147483647;
			files = (
			);
			runOnlyForDeploymentPostprocessing = 0;
		};
/* End PBXResourcesBuildPhase section */

/* Begin PBXSourcesBuildPhase section */
		89BF61F528F65DDB00418305 /* Sources */ = {
			isa = PBXSourcesBuildPhase;
			buildActionMask = 2147483647;
			files = (
				89BE852C2EF38EDD00E4A8E7 /* APIManager.swift in Sources */,
				89D07896299C89C1004EAF2B /* UIView+Extension.swift in Sources */,
				892DE03D29011886003F3974 /* HotelDetailsViewController.swift in Sources */,
				892BCC252907C3290095D3D5 /* StoryboardSupports.swift in Sources */,
				89366AC72ACA645C00769A12 /* LocationManager.swift in Sources */,
				89BE85322EF3903B00E4A8E7 /* FrontPageViewModel.swift in Sources */,
				89BF620128F65DDB00418305 /* FrontPageViewController.swift in Sources */,
				9FA8F0ED2A639939009ACADD /* PersonalSettingsLanguageTableViewCell.swift in Sources */,
				9FA8F0F22A639939009ACADD /* SettingsTableViewHeaderFooterView.swift in Sources */,
				891E4F9C2AB1A73800C48624 /* GifImageNames.swift in Sources */,
				89BE85652EFA618B00E4A8E7 /* HotelDetailsViewModel.swift in Sources */,
				891E4F9A2AB193F000C48624 /* String+Extension.swift in Sources */,
				89DCB172296EB408003A48B7 /* Array+Extension.swift in Sources */,
				892DE04829023A32003F3974 /* UIViewController+SendEmail.swift in Sources */,
				892BD285290A2FE40095D3D5 /* HotelExtraDetailsTableViewCell.swift in Sources */,
				891E4F962AB1921300C48624 /* RealmManager.swift in Sources */,
				892DE0442901374C003F3974 /* HotelImageCollectionViewCell.swift in Sources */,
				892DE04B29024987003F3974 /* HotelMapTableViewCell.swift in Sources */,
				89BE85452EF3967200E4A8E7 /* HotelListResponse.swift in Sources */,
				892AACA328F909DF00614DA1 /* Bundle+Extension.swift in Sources */,
				9F87E3FB2A754B42007E77EA /* RLM_CollectionsHotels.swift in Sources */,
				9FC059822B7DB7FB00B481B8 /* ToastLabel.swift in Sources */,
				896DF71A28F7E58D0031A88A /* MainTabBarController.swift in Sources */,
				9FD39A582C4CDDDF0069B67F /* CollectionsViewModel.swift in Sources */,
				89B546982925D59F0020C522 /* MapSearchViewController.swift in Sources */,
				89F71EA72D2CBDA500A28E5C /* NSObjectExtension.swift in Sources */,
				9F87E4002A754BC8007E77EA /* CollectionsViewController.swift in Sources */,
				896DF71C28F7E5CE0031A88A /* ColorSets.swift in Sources */,
				9FA8F0F02A639939009ACADD /* PersonalSettingsIconTableViewCell.swift in Sources */,
				89DF925929232C9D00B049BA /* FrontPageTableViewCell.swift in Sources */,
				89BE85572EF8EBCD00E4A8E7 /* MapSearchViewModel.swift in Sources */,
				891E4F942AB1615D00C48624 /* ImageView+Extension.swift in Sources */,
				89BF61FD28F65DDB00418305 /* AppDelegate.swift in Sources */,
				892DE04129011CEB003F3974 /* BaseViewController.swift in Sources */,
				89BE85352EF3923F00E4A8E7 /* APIInfo.swift in Sources */,
				89BE85602EF9141500E4A8E7 /* HotelDataManager.swift in Sources */,
				891E4F982AB1933100C48624 /* Data+Extension.swift in Sources */,
				89BE854A2EF3DF9700E4A8E7 /* HotelSearchView.swift in Sources */,
				89A0A4DA2ACBA8CC00F5F91E /* CollectionsTableViewCell.swift in Sources */,
				89B413082914C1AB00FAEBF3 /* HotelDetailCollectionTableViewCell.swift in Sources */,
				89BF61FF28F65DDB00418305 /* SceneDelegate.swift in Sources */,
				892BCC202907BC4F0095D3D5 /* HotelDescriptionTableViewCell.swift in Sources */,
				892DE0382900F72A003F3974 /* OpenWKWebViewController.swift in Sources */,
				892AACAB28F92F2F00614DA1 /* LoadingPageView.swift in Sources */,
				892AAC9728F907FF00614DA1 /* CustomView.swift in Sources */,
				89DF5F0D290F736200434000 /* HotelDetailsMapViewController.swift in Sources */,
				892AAC9028F9056700614DA1 /* AboutViewController.swift in Sources */,
				89DF98BB29248F5F00B049BA /* HotelDetailsTableViewCell.swift in Sources */,
				892AAC9F28F9092000614DA1 /* UIImage+GIF.swift in Sources */,
				892AACA828F90FF900614DA1 /* UIApplication+Extension.swift in Sources */,
				896DF71828F7E3080031A88A /* ResponseHandler.swift in Sources */,
				9FD39A5A2C4CE2E30069B67F /* CollectionsModel.swift in Sources */,
				89BE855D2EF910DB00E4A8E7 /* UINavigationController+Extension.swift in Sources */,
			);
			runOnlyForDeploymentPostprocessing = 0;
		};
		9FAE422F2CC4C9F7003E7C7B /* Sources */ = {
			isa = PBXSourcesBuildPhase;
			buildActionMask = 2147483647;
			files = (
			);
			runOnlyForDeploymentPostprocessing = 0;
		};
/* End PBXSourcesBuildPhase section */

/* Begin PBXTargetDependency section */
		9FAE42472CC4C9FA003E7C7B /* PBXTargetDependency */ = {
			isa = PBXTargetDependency;
			target = 9FAE42322CC4C9F7003E7C7B /* QuickSearchWidgetExtension */;
			targetProxy = 9FAE42462CC4C9FA003E7C7B /* PBXContainerItemProxy */;
		};
/* End PBXTargetDependency section */

/* Begin PBXVariantGroup section */
		89BF620228F65DDB00418305 /* Main.storyboard */ = {
			isa = PBXVariantGroup;
			children = (
				89BF620328F65DDB00418305 /* Base */,
			);
			name = Main.storyboard;
			sourceTree = "<group>";
		};
		89BF620728F65DDC00418305 /* LaunchScreen.storyboard */ = {
			isa = PBXVariantGroup;
			children = (
				89BF620828F65DDC00418305 /* Base */,
			);
			name = LaunchScreen.storyboard;
			sourceTree = "<group>";
		};
/* End PBXVariantGroup section */

/* Begin XCBuildConfiguration section */
		89BF620B28F65DDC00418305 /* Debug */ = {
			isa = XCBuildConfiguration;
			buildSettings = {
				ALWAYS_SEARCH_USER_PATHS = NO;
				CLANG_ANALYZER_NONNULL = YES;
				CLANG_ANALYZER_NUMBER_OBJECT_CONVERSION = YES_AGGRESSIVE;
				CLANG_CXX_LANGUAGE_STANDARD = "gnu++17";
				CLANG_ENABLE_MODULES = YES;
				CLANG_ENABLE_OBJC_ARC = YES;
				CLANG_ENABLE_OBJC_WEAK = YES;
				CLANG_WARN_BLOCK_CAPTURE_AUTORELEASING = YES;
				CLANG_WARN_BOOL_CONVERSION = YES;
				CLANG_WARN_COMMA = YES;
				CLANG_WARN_CONSTANT_CONVERSION = YES;
				CLANG_WARN_DEPRECATED_OBJC_IMPLEMENTATIONS = YES;
				CLANG_WARN_DIRECT_OBJC_ISA_USAGE = YES_ERROR;
				CLANG_WARN_DOCUMENTATION_COMMENTS = YES;
				CLANG_WARN_EMPTY_BODY = YES;
				CLANG_WARN_ENUM_CONVERSION = YES;
				CLANG_WARN_INFINITE_RECURSION = YES;
				CLANG_WARN_INT_CONVERSION = YES;
				CLANG_WARN_NON_LITERAL_NULL_CONVERSION = YES;
				CLANG_WARN_OBJC_IMPLICIT_RETAIN_SELF = YES;
				CLANG_WARN_OBJC_LITERAL_CONVERSION = YES;
				CLANG_WARN_OBJC_ROOT_CLASS = YES_ERROR;
				CLANG_WARN_QUOTED_INCLUDE_IN_FRAMEWORK_HEADER = YES;
				CLANG_WARN_RANGE_LOOP_ANALYSIS = YES;
				CLANG_WARN_STRICT_PROTOTYPES = YES;
				CLANG_WARN_SUSPICIOUS_MOVE = YES;
				CLANG_WARN_UNGUARDED_AVAILABILITY = YES_AGGRESSIVE;
				CLANG_WARN_UNREACHABLE_CODE = YES;
				CLANG_WARN__DUPLICATE_METHOD_MATCH = YES;
				COPY_PHASE_STRIP = NO;
				DEBUG_INFORMATION_FORMAT = dwarf;
				ENABLE_STRICT_OBJC_MSGSEND = YES;
				ENABLE_TESTABILITY = YES;
				ENABLE_USER_SCRIPT_SANDBOXING = YES;
				GCC_C_LANGUAGE_STANDARD = gnu11;
				GCC_DYNAMIC_NO_PIC = NO;
				GCC_NO_COMMON_BLOCKS = YES;
				GCC_OPTIMIZATION_LEVEL = 0;
				GCC_PREPROCESSOR_DEFINITIONS = (
					"DEBUG=1",
					"$(inherited)",
				);
				GCC_WARN_64_TO_32_BIT_CONVERSION = YES;
				GCC_WARN_ABOUT_RETURN_TYPE = YES_ERROR;
				GCC_WARN_UNDECLARED_SELECTOR = YES;
				GCC_WARN_UNINITIALIZED_AUTOS = YES_AGGRESSIVE;
				GCC_WARN_UNUSED_FUNCTION = YES;
				GCC_WARN_UNUSED_VARIABLE = YES;
				IPHONEOS_DEPLOYMENT_TARGET = 15.5;
				MTL_ENABLE_DEBUG_INFO = INCLUDE_SOURCE;
				MTL_FAST_MATH = YES;
				ONLY_ACTIVE_ARCH = YES;
				SDKROOT = iphoneos;
				SWIFT_ACTIVE_COMPILATION_CONDITIONS = DEBUG;
				SWIFT_OPTIMIZATION_LEVEL = "-Onone";
			};
			name = Debug;
		};
		89BF620C28F65DDC00418305 /* Release */ = {
			isa = XCBuildConfiguration;
			buildSettings = {
				ALWAYS_SEARCH_USER_PATHS = NO;
				CLANG_ANALYZER_NONNULL = YES;
				CLANG_ANALYZER_NUMBER_OBJECT_CONVERSION = YES_AGGRESSIVE;
				CLANG_CXX_LANGUAGE_STANDARD = "gnu++17";
				CLANG_ENABLE_MODULES = YES;
				CLANG_ENABLE_OBJC_ARC = YES;
				CLANG_ENABLE_OBJC_WEAK = YES;
				CLANG_WARN_BLOCK_CAPTURE_AUTORELEASING = YES;
				CLANG_WARN_BOOL_CONVERSION = YES;
				CLANG_WARN_COMMA = YES;
				CLANG_WARN_CONSTANT_CONVERSION = YES;
				CLANG_WARN_DEPRECATED_OBJC_IMPLEMENTATIONS = YES;
				CLANG_WARN_DIRECT_OBJC_ISA_USAGE = YES_ERROR;
				CLANG_WARN_DOCUMENTATION_COMMENTS = YES;
				CLANG_WARN_EMPTY_BODY = YES;
				CLANG_WARN_ENUM_CONVERSION = YES;
				CLANG_WARN_INFINITE_RECURSION = YES;
				CLANG_WARN_INT_CONVERSION = YES;
				CLANG_WARN_NON_LITERAL_NULL_CONVERSION = YES;
				CLANG_WARN_OBJC_IMPLICIT_RETAIN_SELF = YES;
				CLANG_WARN_OBJC_LITERAL_CONVERSION = YES;
				CLANG_WARN_OBJC_ROOT_CLASS = YES_ERROR;
				CLANG_WARN_QUOTED_INCLUDE_IN_FRAMEWORK_HEADER = YES;
				CLANG_WARN_RANGE_LOOP_ANALYSIS = YES;
				CLANG_WARN_STRICT_PROTOTYPES = YES;
				CLANG_WARN_SUSPICIOUS_MOVE = YES;
				CLANG_WARN_UNGUARDED_AVAILABILITY = YES_AGGRESSIVE;
				CLANG_WARN_UNREACHABLE_CODE = YES;
				CLANG_WARN__DUPLICATE_METHOD_MATCH = YES;
				COPY_PHASE_STRIP = NO;
				DEBUG_INFORMATION_FORMAT = "dwarf-with-dsym";
				ENABLE_NS_ASSERTIONS = NO;
				ENABLE_STRICT_OBJC_MSGSEND = YES;
				ENABLE_USER_SCRIPT_SANDBOXING = YES;
				GCC_C_LANGUAGE_STANDARD = gnu11;
				GCC_NO_COMMON_BLOCKS = YES;
				GCC_WARN_64_TO_32_BIT_CONVERSION = YES;
				GCC_WARN_ABOUT_RETURN_TYPE = YES_ERROR;
				GCC_WARN_UNDECLARED_SELECTOR = YES;
				GCC_WARN_UNINITIALIZED_AUTOS = YES_AGGRESSIVE;
				GCC_WARN_UNUSED_FUNCTION = YES;
				GCC_WARN_UNUSED_VARIABLE = YES;
				IPHONEOS_DEPLOYMENT_TARGET = 15.5;
				MTL_ENABLE_DEBUG_INFO = NO;
				MTL_FAST_MATH = YES;
				SDKROOT = iphoneos;
				SWIFT_COMPILATION_MODE = wholemodule;
				SWIFT_OPTIMIZATION_LEVEL = "-O";
				VALIDATE_PRODUCT = YES;
			};
			name = Release;
		};
		89BF620E28F65DDC00418305 /* Debug */ = {
			isa = XCBuildConfiguration;
			buildSettings = {
				ASSETCATALOG_COMPILER_APPICON_NAME = AppIcon;
				ASSETCATALOG_COMPILER_GLOBAL_ACCENT_COLOR_NAME = AccentColor;
				CODE_SIGN_STYLE = Automatic;
				CURRENT_PROJECT_VERSION = 1;
				DEVELOPMENT_TEAM = 98HT6BVDPA;
				GENERATE_INFOPLIST_FILE = YES;
				INFOPLIST_FILE = "寶島旅社/Resources/Info.plist";
				INFOPLIST_KEY_NSLocationWhenInUseUsageDescription = "是否同意提供您得位置資訊？僅使用於顯示您得位置資訊";
				INFOPLIST_KEY_UIApplicationSupportsIndirectInputEvents = YES;
				INFOPLIST_KEY_UILaunchStoryboardName = LaunchScreen;
				INFOPLIST_KEY_UIMainStoryboardFile = Main;
				INFOPLIST_KEY_UISupportedInterfaceOrientations_iPad = "UIInterfaceOrientationPortrait UIInterfaceOrientationPortraitUpsideDown UIInterfaceOrientationLandscapeLeft UIInterfaceOrientationLandscapeRight";
				INFOPLIST_KEY_UISupportedInterfaceOrientations_iPhone = "UIInterfaceOrientationPortrait UIInterfaceOrientationLandscapeLeft UIInterfaceOrientationLandscapeRight";
				INFOPLIST_KEY_UIUserInterfaceStyle = Light;
				LD_RUNPATH_SEARCH_PATHS = (
					"$(inherited)",
					"@executable_path/Frameworks",
				);
				MARKETING_VERSION = 1.0.1;
				PRODUCT_BUNDLE_IDENTIFIER = com.ericlin.hotelBook;
				PRODUCT_NAME = "$(TARGET_NAME)";
				SWIFT_EMIT_LOC_STRINGS = YES;
				SWIFT_VERSION = 5.0;
				TARGETED_DEVICE_FAMILY = "1,2";
			};
			name = Debug;
		};
		89BF620F28F65DDC00418305 /* Release */ = {
			isa = XCBuildConfiguration;
			buildSettings = {
				ASSETCATALOG_COMPILER_APPICON_NAME = AppIcon;
				ASSETCATALOG_COMPILER_GLOBAL_ACCENT_COLOR_NAME = AccentColor;
				CODE_SIGN_STYLE = Automatic;
				CURRENT_PROJECT_VERSION = 1;
				DEVELOPMENT_TEAM = 98HT6BVDPA;
				GENERATE_INFOPLIST_FILE = YES;
				INFOPLIST_FILE = "寶島旅社/Resources/Info.plist";
				INFOPLIST_KEY_NSLocationWhenInUseUsageDescription = "是否同意提供您得位置資訊？僅使用於顯示您得位置資訊";
				INFOPLIST_KEY_UIApplicationSupportsIndirectInputEvents = YES;
				INFOPLIST_KEY_UILaunchStoryboardName = LaunchScreen;
				INFOPLIST_KEY_UIMainStoryboardFile = Main;
				INFOPLIST_KEY_UISupportedInterfaceOrientations_iPad = "UIInterfaceOrientationPortrait UIInterfaceOrientationPortraitUpsideDown UIInterfaceOrientationLandscapeLeft UIInterfaceOrientationLandscapeRight";
				INFOPLIST_KEY_UISupportedInterfaceOrientations_iPhone = "UIInterfaceOrientationPortrait UIInterfaceOrientationLandscapeLeft UIInterfaceOrientationLandscapeRight";
				INFOPLIST_KEY_UIUserInterfaceStyle = Light;
				LD_RUNPATH_SEARCH_PATHS = (
					"$(inherited)",
					"@executable_path/Frameworks",
				);
				MARKETING_VERSION = 1.0.1;
				PRODUCT_BUNDLE_IDENTIFIER = com.ericlin.hotelBook;
				PRODUCT_NAME = "$(TARGET_NAME)";
				SWIFT_EMIT_LOC_STRINGS = YES;
				SWIFT_VERSION = 5.0;
				TARGETED_DEVICE_FAMILY = "1,2";
			};
			name = Release;
		};
		9FAE424A2CC4C9FA003E7C7B /* Debug */ = {
			isa = XCBuildConfiguration;
			buildSettings = {
				ASSETCATALOG_COMPILER_GENERATE_SWIFT_ASSET_SYMBOL_EXTENSIONS = YES;
				ASSETCATALOG_COMPILER_GLOBAL_ACCENT_COLOR_NAME = AccentColor;
				ASSETCATALOG_COMPILER_WIDGET_BACKGROUND_COLOR_NAME = WidgetBackground;
				CLANG_CXX_LANGUAGE_STANDARD = "gnu++20";
				CODE_SIGN_STYLE = Automatic;
				CURRENT_PROJECT_VERSION = 1;
				DEVELOPMENT_TEAM = 98HT6BVDPA;
				GCC_C_LANGUAGE_STANDARD = gnu17;
				GENERATE_INFOPLIST_FILE = YES;
				INFOPLIST_FILE = QuickSearchWidget/Info.plist;
				INFOPLIST_KEY_CFBundleDisplayName = QuickSearchWidget;
				INFOPLIST_KEY_NSHumanReadableCopyright = "Copyright © 2024 Eric Lin. All rights reserved.";
				IPHONEOS_DEPLOYMENT_TARGET = 18.0;
				LD_RUNPATH_SEARCH_PATHS = (
					"$(inherited)",
					"@executable_path/Frameworks",
					"@executable_path/../../Frameworks",
				);
				LOCALIZATION_PREFERS_STRING_CATALOGS = YES;
				MARKETING_VERSION = 1.0;
				PRODUCT_BUNDLE_IDENTIFIER = com.ericlin.hotelBook.QuickSearchWidget;
				PRODUCT_NAME = "$(TARGET_NAME)";
				SKIP_INSTALL = YES;
				SWIFT_ACTIVE_COMPILATION_CONDITIONS = "DEBUG $(inherited)";
				SWIFT_EMIT_LOC_STRINGS = YES;
				SWIFT_VERSION = 5.0;
				TARGETED_DEVICE_FAMILY = "1,2";
			};
			name = Debug;
		};
		9FAE424B2CC4C9FA003E7C7B /* Release */ = {
			isa = XCBuildConfiguration;
			buildSettings = {
				ASSETCATALOG_COMPILER_GENERATE_SWIFT_ASSET_SYMBOL_EXTENSIONS = YES;
				ASSETCATALOG_COMPILER_GLOBAL_ACCENT_COLOR_NAME = AccentColor;
				ASSETCATALOG_COMPILER_WIDGET_BACKGROUND_COLOR_NAME = WidgetBackground;
				CLANG_CXX_LANGUAGE_STANDARD = "gnu++20";
				CODE_SIGN_STYLE = Automatic;
				CURRENT_PROJECT_VERSION = 1;
				DEVELOPMENT_TEAM = 98HT6BVDPA;
				GCC_C_LANGUAGE_STANDARD = gnu17;
				GENERATE_INFOPLIST_FILE = YES;
				INFOPLIST_FILE = QuickSearchWidget/Info.plist;
				INFOPLIST_KEY_CFBundleDisplayName = QuickSearchWidget;
				INFOPLIST_KEY_NSHumanReadableCopyright = "Copyright © 2024 Eric Lin. All rights reserved.";
				IPHONEOS_DEPLOYMENT_TARGET = 18.0;
				LD_RUNPATH_SEARCH_PATHS = (
					"$(inherited)",
					"@executable_path/Frameworks",
					"@executable_path/../../Frameworks",
				);
				LOCALIZATION_PREFERS_STRING_CATALOGS = YES;
				MARKETING_VERSION = 1.0;
				PRODUCT_BUNDLE_IDENTIFIER = com.ericlin.hotelBook.QuickSearchWidget;
				PRODUCT_NAME = "$(TARGET_NAME)";
				SKIP_INSTALL = YES;
				SWIFT_EMIT_LOC_STRINGS = YES;
				SWIFT_VERSION = 5.0;
				TARGETED_DEVICE_FAMILY = "1,2";
			};
			name = Release;
		};
/* End XCBuildConfiguration section */

/* Begin XCConfigurationList section */
		89BF61F428F65DDB00418305 /* Build configuration list for PBXProject "寶島旅社" */ = {
			isa = XCConfigurationList;
			buildConfigurations = (
				89BF620B28F65DDC00418305 /* Debug */,
				89BF620C28F65DDC00418305 /* Release */,
			);
			defaultConfigurationIsVisible = 0;
			defaultConfigurationName = Release;
		};
		89BF620D28F65DDC00418305 /* Build configuration list for PBXNativeTarget "寶島旅社" */ = {
			isa = XCConfigurationList;
			buildConfigurations = (
				89BF620E28F65DDC00418305 /* Debug */,
				89BF620F28F65DDC00418305 /* Release */,
			);
			defaultConfigurationIsVisible = 0;
			defaultConfigurationName = Release;
		};
		9FAE424D2CC4C9FA003E7C7B /* Build configuration list for PBXNativeTarget "QuickSearchWidgetExtension" */ = {
			isa = XCConfigurationList;
			buildConfigurations = (
				9FAE424A2CC4C9FA003E7C7B /* Debug */,
				9FAE424B2CC4C9FA003E7C7B /* Release */,
			);
			defaultConfigurationIsVisible = 0;
			defaultConfigurationName = Release;
		};
/* End XCConfigurationList section */

/* Begin XCRemoteSwiftPackageReference section */
		8993C0892A7393940046AD84 /* XCRemoteSwiftPackageReference "realm-swift" */ = {
			isa = XCRemoteSwiftPackageReference;
			repositoryURL = "https://github.com/realm/realm-swift.git";
			requirement = {
				branch = master;
				kind = branch;
			};
		};
		89EFD1CF2AB2A4C900A1D0F7 /* XCRemoteSwiftPackageReference "SkeletonView" */ = {
			isa = XCRemoteSwiftPackageReference;
			repositoryURL = "https://github.com/Juanpe/SkeletonView.git";
			requirement = {
				kind = upToNextMajorVersion;
				minimumVersion = 1.0.0;
			};
		};
/* End XCRemoteSwiftPackageReference section */

/* Begin XCSwiftPackageProductDependency section */
		8993C08A2A7393940046AD84 /* Realm */ = {
			isa = XCSwiftPackageProductDependency;
			package = 8993C0892A7393940046AD84 /* XCRemoteSwiftPackageReference "realm-swift" */;
			productName = Realm;
		};
		8993C08C2A7393940046AD84 /* RealmSwift */ = {
			isa = XCSwiftPackageProductDependency;
			package = 8993C0892A7393940046AD84 /* XCRemoteSwiftPackageReference "realm-swift" */;
			productName = RealmSwift;
		};
		89EFD1D02AB2A4C900A1D0F7 /* SkeletonView */ = {
			isa = XCSwiftPackageProductDependency;
			package = 89EFD1CF2AB2A4C900A1D0F7 /* XCRemoteSwiftPackageReference "SkeletonView" */;
			productName = SkeletonView;
		};
/* End XCSwiftPackageProductDependency section */
	};
	rootObject = 89BF61F128F65DDB00418305 /* Project object */;
}
